
Microsoft Visual Studio Solution File, Format Version 10.00
# Visual C# Express 2008
Project("{FAE04EC0-301F-11D3-BF4B-00C04F79EFBC}") = "LanExchange", "LanExchange\LanExchange.csproj", "{CC938630-E3FC-426E-A8A7-06EB22ABC703}"
EndProject
Project("{FAE04EC0-301F-11D3-BF4B-00C04F79EFBC}") = "Restart", "Restart\Restart.csproj", "{EFD8CF8B-19E4-4EA2-BF14-B1C286B0C390}"
EndProject
Global
	GlobalSection(SolutionConfigurationPlatforms) = preSolution
		Debug|Any CPU = Debug|Any CPU
		Release|Any CPU = Release|Any CPU
	EndGlobalSection
	GlobalSection(ProjectConfigurationPlatforms) = postSolution
		{CC938630-E3FC-426E-A8A7-06EB22ABC703}.Debug|Any CPU.ActiveCfg = Debug|Any CPU
		{CC938630-E3FC-426E-A8A7-06EB22ABC703}.Debug|Any CPU.Build.0 = Debug|Any CPU
		{CC938630-E3FC-426E-A8A7-06EB22ABC703}.Release|Any CPU.ActiveCfg = Release|Any CPU
		{CC938630-E3FC-426E-A8A7-06EB22ABC703}.Release|Any CPU.Build.0 = Release|Any CPU
		{EFD8CF8B-19E4-4EA2-BF14-B1C286B0C390}.Debug|Any CPU.ActiveCfg = Debug|Any CPU
		{EFD8CF8B-19E4-4EA2-BF14-B1C286B0C390}.Debug|Any CPU.Build.0 = Debug|Any CPU
		{EFD8CF8B-19E4-4EA2-BF14-B1C286B0C390}.Release|Any CPU.ActiveCfg = Release|Any CPU
		{EFD8CF8B-19E4-4EA2-BF14-B1C286B0C390}.Release|Any CPU.Build.0 = Release|Any CPU
	EndGlobalSection
	GlobalSection(SolutionProperties) = preSolution
		HideSolutionNode = FALSE
	EndGlobalSection
EndGlobal
