
Microsoft Visual Studio Solution File, Format Version 12.00
# Visual Studio 14
VisualStudioVersion = 14.0.25420.1
MinimumVisualStudioVersion = 10.0.40219.1
Project("{2150E333-8FDC-42A3-9474-1A3956D46DE8}") = "Core", "Core", "{3232A103-AF86-494C-9768-5B65AEC9C35A}"
EndProject
Project("{2150E333-8FDC-42A3-9474-1A3956D46DE8}") = "Plugins", "Plugins", "{EE5B7742-2EA2-4617-A5A7-7EF20BD36061}"
EndProject
Project("{FAE04EC0-301F-11D3-BF4B-00C04F79EFBC}") = "LanExchange", "LanExchange\LanExchange.csproj", "{ABD7F255-097F-4081-B5B5-1F2DD67B9DB6}"
EndProject
Project("{FAE04EC0-301F-11D3-BF4B-00C04F79EFBC}") = "LanExchange.Application.Interfaces", "LanExchange.Application.Interfaces\LanExchange.Application.Interfaces.csproj", "{1C003A71-105F-46DD-AD18-2C1534961A2E}"
EndProject
Project("{FAE04EC0-301F-11D3-BF4B-00C04F79EFBC}") = "LanExchange.Presentation.Interfaces", "LanExchange.Presentation.Interfaces\LanExchange.Presentation.Interfaces.csproj", "{530BDBBA-A879-403C-83C5-A2F27BDABE05}"
EndProject
Project("{FAE04EC0-301F-11D3-BF4B-00C04F79EFBC}") = "LanExchange.Test", "LanExchange.Test\LanExchange.Test.csproj", "{21D3F599-1FA0-423A-8380-8B1041B353AC}"
EndProject
Project("{FAE04EC0-301F-11D3-BF4B-00C04F79EFBC}") = "LanExchange.Presentation.WinForms", "LanExchange.Presentation.WinForms\LanExchange.Presentation.WinForms.csproj", "{99898DFE-7EA8-44CF-ACCA-543B74EB7E6E}"
EndProject
Project("{FAE04EC0-301F-11D3-BF4B-00C04F79EFBC}") = "GenerateEnglish", "Tools\GenerateEnglish\GenerateEnglish.csproj", "{E372EA44-C801-422F-A13A-0427FB54A7E8}"
EndProject
Project("{FAE04EC0-301F-11D3-BF4B-00C04F79EFBC}") = "WMIViewer", "WMIViewer\WMIViewer.csproj", "{9135C2B0-CDBB-4578-B7A4-6F8354FEC4A1}"
EndProject
Project("{930C7802-8A8C-48F9-8165-68863BCCD9DD}") = "Setup", "Setup\Setup.wixproj", "{6452745F-D8FC-4B4B-ABF8-A5A3B70135C4}"
	ProjectSection(ProjectDependencies) = postProject
		{ABD7F255-097F-4081-B5B5-1F2DD67B9DB6} = {ABD7F255-097F-4081-B5B5-1F2DD67B9DB6}
		{1C003A71-105F-46DD-AD18-2C1534961A2E} = {1C003A71-105F-46DD-AD18-2C1534961A2E}
		{530BDBBA-A879-403C-83C5-A2F27BDABE05} = {530BDBBA-A879-403C-83C5-A2F27BDABE05}
		{269907C3-FAD4-48F3-BB7F-C531E19A1829} = {269907C3-FAD4-48F3-BB7F-C531E19A1829}
		{99898DFE-7EA8-44CF-ACCA-543B74EB7E6E} = {99898DFE-7EA8-44CF-ACCA-543B74EB7E6E}
	EndProjectSection
EndProject
Project("{FAE04EC0-301F-11D3-BF4B-00C04F79EFBC}") = "LanExchange.Program.WinForms", "LanExchange.Program.WinForms\LanExchange.Program.WinForms.csproj", "{269907C3-FAD4-48F3-BB7F-C531E19A1829}"
EndProject
Project("{FAE04EC0-301F-11D3-BF4B-00C04F79EFBC}") = "LanExchange.Plugin.FileSystem", "Plugins\LanExchange.Plugin.FileSystem\LanExchange.Plugin.FileSystem.csproj", "{7380DF5F-5E0A-4080-97F4-B955C250B700}"
EndProject
Project("{FAE04EC0-301F-11D3-BF4B-00C04F79EFBC}") = "LanExchange.Plugin.FileSystem.Test", "Plugins\LanExchange.Plugin.FileSystem.Test\LanExchange.Plugin.FileSystem.Test.csproj", "{D93AD45C-FE6D-4090-979A-AE80DFBFE8F3}"
EndProject
Project("{FAE04EC0-301F-11D3-BF4B-00C04F79EFBC}") = "LanExchange.Plugin.Network", "Plugins\LanExchange.Plugin.Network\LanExchange.Plugin.Network.csproj", "{18971728-B208-45D9-B4BB-4BB6020963E7}"
EndProject
Project("{FAE04EC0-301F-11D3-BF4B-00C04F79EFBC}") = "LanExchange.Plugin.Network.Test", "Plugins\LanExchange.Plugin.Network.Test\LanExchange.Plugin.Network.Test.csproj", "{3F346FA4-1077-4FF7-86DE-9FFB6BD00E08}"
EndProject
Project("{FAE04EC0-301F-11D3-BF4B-00C04F79EFBC}") = "LanExchange.Plugin.Notify", "Plugins\LanExchange.Plugin.Notify\LanExchange.Plugin.Notify.csproj", "{1E99C2AE-DEDE-4D80-801A-B02B712031F3}"
EndProject
Project("{FAE04EC0-301F-11D3-BF4B-00C04F79EFBC}") = "LanExchange.Plugin.Shortcut", "Plugins\LanExchange.Plugin.Shortcut\LanExchange.Plugin.Shortcut.csproj", "{DFD46AF6-DBC9-44D4-85B7-07CCCA3718E8}"
EndProject
Project("{FAE04EC0-301F-11D3-BF4B-00C04F79EFBC}") = "LanExchange.Plugin.Translit", "Plugins\LanExchange.Plugin.Translit\LanExchange.Plugin.Translit.csproj", "{2819AF34-74B9-49B7-AEF1-4E958C563E94}"
EndProject
Project("{FAE04EC0-301F-11D3-BF4B-00C04F79EFBC}") = "LanExchange.Plugin.Users", "Plugins\LanExchange.Plugin.Users\LanExchange.Plugin.Users.csproj", "{064D3413-8F0B-4511-85F3-4919AC1D5A98}"
EndProject
Project("{FAE04EC0-301F-11D3-BF4B-00C04F79EFBC}") = "LanExchange.Plugin.Users.Test", "Plugins\LanExchange.Plugin.Users.Test\LanExchange.Plugin.Users.Test.csproj", "{FB7936EE-CFD6-44AD-AB43-6FA929B7F6F2}"
EndProject
Project("{FAE04EC0-301F-11D3-BF4B-00C04F79EFBC}") = "LanExchange.Plugin.WMI", "Plugins\LanExchange.Plugin.WMI\LanExchange.Plugin.WMI.csproj", "{9AED8971-9E27-4595-95DD-DE90EDC2A46D}"
EndProject
Global
	GlobalSection(SolutionConfigurationPlatforms) = preSolution
		Debug|Any CPU = Debug|Any CPU
		Debug|x86 = Debug|x86
		Release|Any CPU = Release|Any CPU
		Release|x86 = Release|x86
	EndGlobalSection
	GlobalSection(ProjectConfigurationPlatforms) = postSolution
		{ABD7F255-097F-4081-B5B5-1F2DD67B9DB6}.Debug|Any CPU.ActiveCfg = Debug|Any CPU
		{ABD7F255-097F-4081-B5B5-1F2DD67B9DB6}.Debug|Any CPU.Build.0 = Debug|Any CPU
		{ABD7F255-097F-4081-B5B5-1F2DD67B9DB6}.Debug|x86.ActiveCfg = Debug|Any CPU
		{ABD7F255-097F-4081-B5B5-1F2DD67B9DB6}.Debug|x86.Build.0 = Debug|Any CPU
		{ABD7F255-097F-4081-B5B5-1F2DD67B9DB6}.Release|Any CPU.ActiveCfg = Release|Any CPU
		{ABD7F255-097F-4081-B5B5-1F2DD67B9DB6}.Release|Any CPU.Build.0 = Release|Any CPU
		{ABD7F255-097F-4081-B5B5-1F2DD67B9DB6}.Release|x86.ActiveCfg = Release|Any CPU
		{ABD7F255-097F-4081-B5B5-1F2DD67B9DB6}.Release|x86.Build.0 = Release|Any CPU
		{1C003A71-105F-46DD-AD18-2C1534961A2E}.Debug|Any CPU.ActiveCfg = Debug|Any CPU
		{1C003A71-105F-46DD-AD18-2C1534961A2E}.Debug|Any CPU.Build.0 = Debug|Any CPU
		{1C003A71-105F-46DD-AD18-2C1534961A2E}.Debug|x86.ActiveCfg = Debug|Any CPU
		{1C003A71-105F-46DD-AD18-2C1534961A2E}.Debug|x86.Build.0 = Debug|Any CPU
		{1C003A71-105F-46DD-AD18-2C1534961A2E}.Release|Any CPU.ActiveCfg = Release|Any CPU
		{1C003A71-105F-46DD-AD18-2C1534961A2E}.Release|Any CPU.Build.0 = Release|Any CPU
		{1C003A71-105F-46DD-AD18-2C1534961A2E}.Release|x86.ActiveCfg = Release|Any CPU
		{1C003A71-105F-46DD-AD18-2C1534961A2E}.Release|x86.Build.0 = Release|Any CPU
		{530BDBBA-A879-403C-83C5-A2F27BDABE05}.Debug|Any CPU.ActiveCfg = Debug|Any CPU
		{530BDBBA-A879-403C-83C5-A2F27BDABE05}.Debug|Any CPU.Build.0 = Debug|Any CPU
		{530BDBBA-A879-403C-83C5-A2F27BDABE05}.Debug|x86.ActiveCfg = Debug|Any CPU
		{530BDBBA-A879-403C-83C5-A2F27BDABE05}.Debug|x86.Build.0 = Debug|Any CPU
		{530BDBBA-A879-403C-83C5-A2F27BDABE05}.Release|Any CPU.ActiveCfg = Release|Any CPU
		{530BDBBA-A879-403C-83C5-A2F27BDABE05}.Release|Any CPU.Build.0 = Release|Any CPU
		{530BDBBA-A879-403C-83C5-A2F27BDABE05}.Release|x86.ActiveCfg = Release|Any CPU
		{530BDBBA-A879-403C-83C5-A2F27BDABE05}.Release|x86.Build.0 = Release|Any CPU
		{21D3F599-1FA0-423A-8380-8B1041B353AC}.Debug|Any CPU.ActiveCfg = Debug|Any CPU
		{21D3F599-1FA0-423A-8380-8B1041B353AC}.Debug|Any CPU.Build.0 = Debug|Any CPU
		{21D3F599-1FA0-423A-8380-8B1041B353AC}.Debug|x86.ActiveCfg = Debug|Any CPU
		{21D3F599-1FA0-423A-8380-8B1041B353AC}.Debug|x86.Build.0 = Debug|Any CPU
		{21D3F599-1FA0-423A-8380-8B1041B353AC}.Release|Any CPU.ActiveCfg = Release|Any CPU
		{21D3F599-1FA0-423A-8380-8B1041B353AC}.Release|Any CPU.Build.0 = Release|Any CPU
		{21D3F599-1FA0-423A-8380-8B1041B353AC}.Release|x86.ActiveCfg = Release|Any CPU
		{21D3F599-1FA0-423A-8380-8B1041B353AC}.Release|x86.Build.0 = Release|Any CPU
		{99898DFE-7EA8-44CF-ACCA-543B74EB7E6E}.Debug|Any CPU.ActiveCfg = Debug|Any CPU
		{99898DFE-7EA8-44CF-ACCA-543B74EB7E6E}.Debug|Any CPU.Build.0 = Debug|Any CPU
		{99898DFE-7EA8-44CF-ACCA-543B74EB7E6E}.Debug|x86.ActiveCfg = Debug|Any CPU
		{99898DFE-7EA8-44CF-ACCA-543B74EB7E6E}.Debug|x86.Build.0 = Debug|Any CPU
		{99898DFE-7EA8-44CF-ACCA-543B74EB7E6E}.Release|Any CPU.ActiveCfg = Release|Any CPU
		{99898DFE-7EA8-44CF-ACCA-543B74EB7E6E}.Release|Any CPU.Build.0 = Release|Any CPU
		{99898DFE-7EA8-44CF-ACCA-543B74EB7E6E}.Release|x86.ActiveCfg = Release|Any CPU
		{99898DFE-7EA8-44CF-ACCA-543B74EB7E6E}.Release|x86.Build.0 = Release|Any CPU
		{E372EA44-C801-422F-A13A-0427FB54A7E8}.Debug|Any CPU.ActiveCfg = Debug|Any CPU
		{E372EA44-C801-422F-A13A-0427FB54A7E8}.Debug|Any CPU.Build.0 = Debug|Any CPU
		{E372EA44-C801-422F-A13A-0427FB54A7E8}.Debug|x86.ActiveCfg = Debug|Any CPU
		{E372EA44-C801-422F-A13A-0427FB54A7E8}.Debug|x86.Build.0 = Debug|Any CPU
		{E372EA44-C801-422F-A13A-0427FB54A7E8}.Release|Any CPU.ActiveCfg = Release|Any CPU
		{E372EA44-C801-422F-A13A-0427FB54A7E8}.Release|Any CPU.Build.0 = Release|Any CPU
		{E372EA44-C801-422F-A13A-0427FB54A7E8}.Release|x86.ActiveCfg = Release|Any CPU
		{E372EA44-C801-422F-A13A-0427FB54A7E8}.Release|x86.Build.0 = Release|Any CPU
		{9135C2B0-CDBB-4578-B7A4-6F8354FEC4A1}.Debug|Any CPU.ActiveCfg = Debug|Any CPU
		{9135C2B0-CDBB-4578-B7A4-6F8354FEC4A1}.Debug|Any CPU.Build.0 = Debug|Any CPU
		{9135C2B0-CDBB-4578-B7A4-6F8354FEC4A1}.Debug|x86.ActiveCfg = Debug|Any CPU
		{9135C2B0-CDBB-4578-B7A4-6F8354FEC4A1}.Debug|x86.Build.0 = Debug|Any CPU
		{9135C2B0-CDBB-4578-B7A4-6F8354FEC4A1}.Release|Any CPU.ActiveCfg = Release|Any CPU
		{9135C2B0-CDBB-4578-B7A4-6F8354FEC4A1}.Release|Any CPU.Build.0 = Release|Any CPU
		{9135C2B0-CDBB-4578-B7A4-6F8354FEC4A1}.Release|x86.ActiveCfg = Release|Any CPU
		{9135C2B0-CDBB-4578-B7A4-6F8354FEC4A1}.Release|x86.Build.0 = Release|Any CPU
		{6452745F-D8FC-4B4B-ABF8-A5A3B70135C4}.Debug|Any CPU.ActiveCfg = Debug|x86
		{6452745F-D8FC-4B4B-ABF8-A5A3B70135C4}.Debug|x86.ActiveCfg = Debug|x86
		{6452745F-D8FC-4B4B-ABF8-A5A3B70135C4}.Debug|x86.Build.0 = Debug|x86
		{6452745F-D8FC-4B4B-ABF8-A5A3B70135C4}.Release|Any CPU.ActiveCfg = Release|x86
		{6452745F-D8FC-4B4B-ABF8-A5A3B70135C4}.Release|x86.ActiveCfg = Release|x86
		{6452745F-D8FC-4B4B-ABF8-A5A3B70135C4}.Release|x86.Build.0 = Release|x86
		{269907C3-FAD4-48F3-BB7F-C531E19A1829}.Debug|Any CPU.ActiveCfg = Debug|Any CPU
		{269907C3-FAD4-48F3-BB7F-C531E19A1829}.Debug|Any CPU.Build.0 = Debug|Any CPU
		{269907C3-FAD4-48F3-BB7F-C531E19A1829}.Debug|x86.ActiveCfg = Debug|Any CPU
		{269907C3-FAD4-48F3-BB7F-C531E19A1829}.Debug|x86.Build.0 = Debug|Any CPU
		{269907C3-FAD4-48F3-BB7F-C531E19A1829}.Release|Any CPU.ActiveCfg = Release|Any CPU
		{269907C3-FAD4-48F3-BB7F-C531E19A1829}.Release|Any CPU.Build.0 = Release|Any CPU
		{269907C3-FAD4-48F3-BB7F-C531E19A1829}.Release|x86.ActiveCfg = Release|Any CPU
		{269907C3-FAD4-48F3-BB7F-C531E19A1829}.Release|x86.Build.0 = Release|Any CPU
		{7380DF5F-5E0A-4080-97F4-B955C250B700}.Debug|Any CPU.ActiveCfg = Debug|Any CPU
		{7380DF5F-5E0A-4080-97F4-B955C250B700}.Debug|Any CPU.Build.0 = Debug|Any CPU
		{7380DF5F-5E0A-4080-97F4-B955C250B700}.Debug|x86.ActiveCfg = Debug|Any CPU
		{7380DF5F-5E0A-4080-97F4-B955C250B700}.Debug|x86.Build.0 = Debug|Any CPU
		{7380DF5F-5E0A-4080-97F4-B955C250B700}.Release|Any CPU.ActiveCfg = Release|Any CPU
		{7380DF5F-5E0A-4080-97F4-B955C250B700}.Release|Any CPU.Build.0 = Release|Any CPU
		{7380DF5F-5E0A-4080-97F4-B955C250B700}.Release|x86.ActiveCfg = Release|Any CPU
		{7380DF5F-5E0A-4080-97F4-B955C250B700}.Release|x86.Build.0 = Release|Any CPU
		{D93AD45C-FE6D-4090-979A-AE80DFBFE8F3}.Debug|Any CPU.ActiveCfg = Debug|Any CPU
		{D93AD45C-FE6D-4090-979A-AE80DFBFE8F3}.Debug|Any CPU.Build.0 = Debug|Any CPU
		{D93AD45C-FE6D-4090-979A-AE80DFBFE8F3}.Debug|x86.ActiveCfg = Debug|Any CPU
		{D93AD45C-FE6D-4090-979A-AE80DFBFE8F3}.Debug|x86.Build.0 = Debug|Any CPU
		{D93AD45C-FE6D-4090-979A-AE80DFBFE8F3}.Release|Any CPU.ActiveCfg = Release|Any CPU
		{D93AD45C-FE6D-4090-979A-AE80DFBFE8F3}.Release|Any CPU.Build.0 = Release|Any CPU
		{D93AD45C-FE6D-4090-979A-AE80DFBFE8F3}.Release|x86.ActiveCfg = Release|Any CPU
		{D93AD45C-FE6D-4090-979A-AE80DFBFE8F3}.Release|x86.Build.0 = Release|Any CPU
		{18971728-B208-45D9-B4BB-4BB6020963E7}.Debug|Any CPU.ActiveCfg = Debug|Any CPU
		{18971728-B208-45D9-B4BB-4BB6020963E7}.Debug|Any CPU.Build.0 = Debug|Any CPU
		{18971728-B208-45D9-B4BB-4BB6020963E7}.Debug|x86.ActiveCfg = Debug|Any CPU
		{18971728-B208-45D9-B4BB-4BB6020963E7}.Debug|x86.Build.0 = Debug|Any CPU
		{18971728-B208-45D9-B4BB-4BB6020963E7}.Release|Any CPU.ActiveCfg = Release|Any CPU
		{18971728-B208-45D9-B4BB-4BB6020963E7}.Release|Any CPU.Build.0 = Release|Any CPU
		{18971728-B208-45D9-B4BB-4BB6020963E7}.Release|x86.ActiveCfg = Release|Any CPU
		{18971728-B208-45D9-B4BB-4BB6020963E7}.Release|x86.Build.0 = Release|Any CPU
		{3F346FA4-1077-4FF7-86DE-9FFB6BD00E08}.Debug|Any CPU.ActiveCfg = Debug|Any CPU
		{3F346FA4-1077-4FF7-86DE-9FFB6BD00E08}.Debug|Any CPU.Build.0 = Debug|Any CPU
		{3F346FA4-1077-4FF7-86DE-9FFB6BD00E08}.Debug|x86.ActiveCfg = Debug|Any CPU
		{3F346FA4-1077-4FF7-86DE-9FFB6BD00E08}.Debug|x86.Build.0 = Debug|Any CPU
		{3F346FA4-1077-4FF7-86DE-9FFB6BD00E08}.Release|Any CPU.ActiveCfg = Release|Any CPU
		{3F346FA4-1077-4FF7-86DE-9FFB6BD00E08}.Release|Any CPU.Build.0 = Release|Any CPU
		{3F346FA4-1077-4FF7-86DE-9FFB6BD00E08}.Release|x86.ActiveCfg = Release|Any CPU
		{3F346FA4-1077-4FF7-86DE-9FFB6BD00E08}.Release|x86.Build.0 = Release|Any CPU
		{1E99C2AE-DEDE-4D80-801A-B02B712031F3}.Debug|Any CPU.ActiveCfg = Debug|Any CPU
		{1E99C2AE-DEDE-4D80-801A-B02B712031F3}.Debug|Any CPU.Build.0 = Debug|Any CPU
		{1E99C2AE-DEDE-4D80-801A-B02B712031F3}.Debug|x86.ActiveCfg = Debug|Any CPU
		{1E99C2AE-DEDE-4D80-801A-B02B712031F3}.Debug|x86.Build.0 = Debug|Any CPU
		{1E99C2AE-DEDE-4D80-801A-B02B712031F3}.Release|Any CPU.ActiveCfg = Release|Any CPU
		{1E99C2AE-DEDE-4D80-801A-B02B712031F3}.Release|Any CPU.Build.0 = Release|Any CPU
		{1E99C2AE-DEDE-4D80-801A-B02B712031F3}.Release|x86.ActiveCfg = Release|Any CPU
		{1E99C2AE-DEDE-4D80-801A-B02B712031F3}.Release|x86.Build.0 = Release|Any CPU
		{DFD46AF6-DBC9-44D4-85B7-07CCCA3718E8}.Debug|Any CPU.ActiveCfg = Debug|Any CPU
		{DFD46AF6-DBC9-44D4-85B7-07CCCA3718E8}.Debug|Any CPU.Build.0 = Debug|Any CPU
		{DFD46AF6-DBC9-44D4-85B7-07CCCA3718E8}.Debug|x86.ActiveCfg = Debug|Any CPU
		{DFD46AF6-DBC9-44D4-85B7-07CCCA3718E8}.Debug|x86.Build.0 = Debug|Any CPU
		{DFD46AF6-DBC9-44D4-85B7-07CCCA3718E8}.Release|Any CPU.ActiveCfg = Release|Any CPU
		{DFD46AF6-DBC9-44D4-85B7-07CCCA3718E8}.Release|Any CPU.Build.0 = Release|Any CPU
		{DFD46AF6-DBC9-44D4-85B7-07CCCA3718E8}.Release|x86.ActiveCfg = Release|Any CPU
		{DFD46AF6-DBC9-44D4-85B7-07CCCA3718E8}.Release|x86.Build.0 = Release|Any CPU
		{2819AF34-74B9-49B7-AEF1-4E958C563E94}.Debug|Any CPU.ActiveCfg = Debug|Any CPU
		{2819AF34-74B9-49B7-AEF1-4E958C563E94}.Debug|Any CPU.Build.0 = Debug|Any CPU
		{2819AF34-74B9-49B7-AEF1-4E958C563E94}.Debug|x86.ActiveCfg = Debug|Any CPU
		{2819AF34-74B9-49B7-AEF1-4E958C563E94}.Debug|x86.Build.0 = Debug|Any CPU
		{2819AF34-74B9-49B7-AEF1-4E958C563E94}.Release|Any CPU.ActiveCfg = Release|Any CPU
		{2819AF34-74B9-49B7-AEF1-4E958C563E94}.Release|Any CPU.Build.0 = Release|Any CPU
		{2819AF34-74B9-49B7-AEF1-4E958C563E94}.Release|x86.ActiveCfg = Release|Any CPU
		{2819AF34-74B9-49B7-AEF1-4E958C563E94}.Release|x86.Build.0 = Release|Any CPU
		{064D3413-8F0B-4511-85F3-4919AC1D5A98}.Debug|Any CPU.ActiveCfg = Debug|Any CPU
		{064D3413-8F0B-4511-85F3-4919AC1D5A98}.Debug|Any CPU.Build.0 = Debug|Any CPU
		{064D3413-8F0B-4511-85F3-4919AC1D5A98}.Debug|x86.ActiveCfg = Debug|Any CPU
		{064D3413-8F0B-4511-85F3-4919AC1D5A98}.Debug|x86.Build.0 = Debug|Any CPU
		{064D3413-8F0B-4511-85F3-4919AC1D5A98}.Release|Any CPU.ActiveCfg = Release|Any CPU
		{064D3413-8F0B-4511-85F3-4919AC1D5A98}.Release|Any CPU.Build.0 = Release|Any CPU
		{064D3413-8F0B-4511-85F3-4919AC1D5A98}.Release|x86.ActiveCfg = Release|Any CPU
		{064D3413-8F0B-4511-85F3-4919AC1D5A98}.Release|x86.Build.0 = Release|Any CPU
		{FB7936EE-CFD6-44AD-AB43-6FA929B7F6F2}.Debug|Any CPU.ActiveCfg = Debug|Any CPU
		{FB7936EE-CFD6-44AD-AB43-6FA929B7F6F2}.Debug|Any CPU.Build.0 = Debug|Any CPU
		{FB7936EE-CFD6-44AD-AB43-6FA929B7F6F2}.Debug|x86.ActiveCfg = Debug|Any CPU
		{FB7936EE-CFD6-44AD-AB43-6FA929B7F6F2}.Debug|x86.Build.0 = Debug|Any CPU
		{FB7936EE-CFD6-44AD-AB43-6FA929B7F6F2}.Release|Any CPU.ActiveCfg = Release|Any CPU
		{FB7936EE-CFD6-44AD-AB43-6FA929B7F6F2}.Release|Any CPU.Build.0 = Release|Any CPU
		{FB7936EE-CFD6-44AD-AB43-6FA929B7F6F2}.Release|x86.ActiveCfg = Release|Any CPU
		{FB7936EE-CFD6-44AD-AB43-6FA929B7F6F2}.Release|x86.Build.0 = Release|Any CPU
		{9AED8971-9E27-4595-95DD-DE90EDC2A46D}.Debug|Any CPU.ActiveCfg = Debug|Any CPU
		{9AED8971-9E27-4595-95DD-DE90EDC2A46D}.Debug|Any CPU.Build.0 = Debug|Any CPU
		{9AED8971-9E27-4595-95DD-DE90EDC2A46D}.Debug|x86.ActiveCfg = Debug|Any CPU
		{9AED8971-9E27-4595-95DD-DE90EDC2A46D}.Debug|x86.Build.0 = Debug|Any CPU
		{9AED8971-9E27-4595-95DD-DE90EDC2A46D}.Release|Any CPU.ActiveCfg = Release|Any CPU
		{9AED8971-9E27-4595-95DD-DE90EDC2A46D}.Release|Any CPU.Build.0 = Release|Any CPU
		{9AED8971-9E27-4595-95DD-DE90EDC2A46D}.Release|x86.ActiveCfg = Release|Any CPU
		{9AED8971-9E27-4595-95DD-DE90EDC2A46D}.Release|x86.Build.0 = Release|Any CPU
	EndGlobalSection
	GlobalSection(SolutionProperties) = preSolution
		HideSolutionNode = FALSE
	EndGlobalSection
	GlobalSection(NestedProjects) = preSolution
		{ABD7F255-097F-4081-B5B5-1F2DD67B9DB6} = {3232A103-AF86-494C-9768-5B65AEC9C35A}
		{1C003A71-105F-46DD-AD18-2C1534961A2E} = {3232A103-AF86-494C-9768-5B65AEC9C35A}
		{530BDBBA-A879-403C-83C5-A2F27BDABE05} = {3232A103-AF86-494C-9768-5B65AEC9C35A}
		{21D3F599-1FA0-423A-8380-8B1041B353AC} = {3232A103-AF86-494C-9768-5B65AEC9C35A}
		{99898DFE-7EA8-44CF-ACCA-543B74EB7E6E} = {3232A103-AF86-494C-9768-5B65AEC9C35A}
		{7380DF5F-5E0A-4080-97F4-B955C250B700} = {EE5B7742-2EA2-4617-A5A7-7EF20BD36061}
		{D93AD45C-FE6D-4090-979A-AE80DFBFE8F3} = {EE5B7742-2EA2-4617-A5A7-7EF20BD36061}
		{18971728-B208-45D9-B4BB-4BB6020963E7} = {EE5B7742-2EA2-4617-A5A7-7EF20BD36061}
		{3F346FA4-1077-4FF7-86DE-9FFB6BD00E08} = {EE5B7742-2EA2-4617-A5A7-7EF20BD36061}
		{1E99C2AE-DEDE-4D80-801A-B02B712031F3} = {EE5B7742-2EA2-4617-A5A7-7EF20BD36061}
		{DFD46AF6-DBC9-44D4-85B7-07CCCA3718E8} = {EE5B7742-2EA2-4617-A5A7-7EF20BD36061}
		{2819AF34-74B9-49B7-AEF1-4E958C563E94} = {EE5B7742-2EA2-4617-A5A7-7EF20BD36061}
		{064D3413-8F0B-4511-85F3-4919AC1D5A98} = {EE5B7742-2EA2-4617-A5A7-7EF20BD36061}
		{FB7936EE-CFD6-44AD-AB43-6FA929B7F6F2} = {EE5B7742-2EA2-4617-A5A7-7EF20BD36061}
		{9AED8971-9E27-4595-95DD-DE90EDC2A46D} = {EE5B7742-2EA2-4617-A5A7-7EF20BD36061}
	EndGlobalSection
EndGlobal
