
Microsoft Visual Studio Solution File, Format Version 11.00
# Visual Studio 2010
Project("{FAE04EC0-301F-11D3-BF4B-00C04F79EFBC}") = "LanExchange.SDK", "..\..\LanExchange.SDK\LanExchange.SDK.csproj", "{4AE4E72C-5D7D-42A9-B7FB-577EEC0A149D}"
EndProject
Project("{FAE04EC0-301F-11D3-BF4B-00C04F79EFBC}") = "LanExchange.OS.Linux", "..\..\Plugins\LanExchange.OS.Linux\LanExchange.OS.Linux.csproj", "{5BE1B038-07CC-41DC-8E97-BC308C5F9CB3}"
EndProject
Project("{FAE04EC0-301F-11D3-BF4B-00C04F79EFBC}") = "LanExchange.UI.WinForms", "..\..\Plugins\LanExchange.UI.WinForms\LanExchange.UI.WinForms.csproj", "{944D4DA4-F7EF-4226-A99A-2910A3B2E957}"
EndProject
Project("{FAE04EC0-301F-11D3-BF4B-00C04F79EFBC}") = "LanExchange", "..\..\LanExchange\LanExchange.csproj", "{CC938630-E3FC-426E-A8A7-06EB22ABC703}"
EndProject
Project("{FAE04EC0-301F-11D3-BF4B-00C04F79EFBC}") = "LanExchange.Plugin.Users", "..\..\Plugins\LanExchange.Plugin.Users\LanExchange.Plugin.Users.csproj", "{064D3413-8F0B-4511-85F3-4919AC1D5A98}"
EndProject
Project("{FAE04EC0-301F-11D3-BF4B-00C04F79EFBC}") = "LanExchange.UI.GtkSharp", "..\..\Plugins\LanExchange.UI.GtkSharp\LanExchange.UI.GtkSharp.csproj", "{33F37437-C463-4DCA-B8EE-2D3039826E8B}"
EndProject
Global
	GlobalSection(SolutionConfigurationPlatforms) = preSolution
		Debug|x86 = Debug|x86
		Release|x86 = Release|x86
	EndGlobalSection
	GlobalSection(ProjectConfigurationPlatforms) = postSolution
		{064D3413-8F0B-4511-85F3-4919AC1D5A98}.Debug|x86.ActiveCfg = Debug|Any CPU
		{064D3413-8F0B-4511-85F3-4919AC1D5A98}.Debug|x86.Build.0 = Debug|Any CPU
		{064D3413-8F0B-4511-85F3-4919AC1D5A98}.Release|x86.ActiveCfg = Release|Any CPU
		{064D3413-8F0B-4511-85F3-4919AC1D5A98}.Release|x86.Build.0 = Release|Any CPU
		{33F37437-C463-4DCA-B8EE-2D3039826E8B}.Debug|x86.ActiveCfg = Debug|x86
		{33F37437-C463-4DCA-B8EE-2D3039826E8B}.Debug|x86.Build.0 = Debug|x86
		{33F37437-C463-4DCA-B8EE-2D3039826E8B}.Release|x86.ActiveCfg = Release|x86
		{33F37437-C463-4DCA-B8EE-2D3039826E8B}.Release|x86.Build.0 = Release|x86
		{4AE4E72C-5D7D-42A9-B7FB-577EEC0A149D}.Debug|x86.ActiveCfg = Debug|Any CPU
		{4AE4E72C-5D7D-42A9-B7FB-577EEC0A149D}.Debug|x86.Build.0 = Debug|Any CPU
		{4AE4E72C-5D7D-42A9-B7FB-577EEC0A149D}.Release|x86.ActiveCfg = Release|Any CPU
		{4AE4E72C-5D7D-42A9-B7FB-577EEC0A149D}.Release|x86.Build.0 = Release|Any CPU
		{5BE1B038-07CC-41DC-8E97-BC308C5F9CB3}.Debug|x86.ActiveCfg = Debug|Any CPU
		{5BE1B038-07CC-41DC-8E97-BC308C5F9CB3}.Debug|x86.Build.0 = Debug|Any CPU
		{5BE1B038-07CC-41DC-8E97-BC308C5F9CB3}.Release|x86.ActiveCfg = Release|Any CPU
		{5BE1B038-07CC-41DC-8E97-BC308C5F9CB3}.Release|x86.Build.0 = Release|Any CPU
		{944D4DA4-F7EF-4226-A99A-2910A3B2E957}.Debug|x86.ActiveCfg = Debug|Any CPU
		{944D4DA4-F7EF-4226-A99A-2910A3B2E957}.Debug|x86.Build.0 = Debug|Any CPU
		{944D4DA4-F7EF-4226-A99A-2910A3B2E957}.Release|x86.ActiveCfg = Release|Any CPU
		{944D4DA4-F7EF-4226-A99A-2910A3B2E957}.Release|x86.Build.0 = Release|Any CPU
		{CC938630-E3FC-426E-A8A7-06EB22ABC703}.Debug|x86.ActiveCfg = Debug|Any CPU
		{CC938630-E3FC-426E-A8A7-06EB22ABC703}.Debug|x86.Build.0 = Debug|Any CPU
		{CC938630-E3FC-426E-A8A7-06EB22ABC703}.Release|x86.ActiveCfg = Release|Any CPU
		{CC938630-E3FC-426E-A8A7-06EB22ABC703}.Release|x86.Build.0 = Release|Any CPU
	EndGlobalSection
	GlobalSection(MonoDevelopProperties) = preSolution
		StartupItem = ..\..\LanExchange\LanExchange.csproj
	EndGlobalSection
EndGlobal
