
Microsoft Visual Studio Solution File, Format Version 10.00
# Visual C# Express 2008
Project("{FAE04EC0-301F-11D3-BF4B-00C04F79EFBC}") = "SkivSoft.LanExchange.SDK", "SkivSoft.LanExchange.SDK\SkivSoft.LanExchange.SDK.csproj", "{EE20A37F-AD31-42A9-8410-E45CCE737C2C}"
EndProject
Project("{FAE04EC0-301F-11D3-BF4B-00C04F79EFBC}") = "SkivSoft.LanExchange.Core", "SkivSoft.LanExchange.Core\SkivSoft.LanExchange.Core.csproj", "{83E20C54-D49E-40D2-BB90-66F0D6131D8E}"
EndProject
Project("{FAE04EC0-301F-11D3-BF4B-00C04F79EFBC}") = "SkivSoft.LanExchange", "Skivsoft.LanExchange\SkivSoft.LanExchange.csproj", "{2796321A-F31B-4A51-906D-4BF8F717E4DD}"
EndProject
Global
	GlobalSection(SolutionConfigurationPlatforms) = preSolution
		Debug|Any CPU = Debug|Any CPU
		Release|Any CPU = Release|Any CPU
	EndGlobalSection
	GlobalSection(ProjectConfigurationPlatforms) = postSolution
		{EE20A37F-AD31-42A9-8410-E45CCE737C2C}.Debug|Any CPU.ActiveCfg = Debug|Any CPU
		{EE20A37F-AD31-42A9-8410-E45CCE737C2C}.Debug|Any CPU.Build.0 = Debug|Any CPU
		{EE20A37F-AD31-42A9-8410-E45CCE737C2C}.Release|Any CPU.ActiveCfg = Release|Any CPU
		{EE20A37F-AD31-42A9-8410-E45CCE737C2C}.Release|Any CPU.Build.0 = Release|Any CPU
		{83E20C54-D49E-40D2-BB90-66F0D6131D8E}.Debug|Any CPU.ActiveCfg = Debug|Any CPU
		{83E20C54-D49E-40D2-BB90-66F0D6131D8E}.Debug|Any CPU.Build.0 = Debug|Any CPU
		{83E20C54-D49E-40D2-BB90-66F0D6131D8E}.Release|Any CPU.ActiveCfg = Release|Any CPU
		{83E20C54-D49E-40D2-BB90-66F0D6131D8E}.Release|Any CPU.Build.0 = Release|Any CPU
		{2796321A-F31B-4A51-906D-4BF8F717E4DD}.Debug|Any CPU.ActiveCfg = Debug|Any CPU
		{2796321A-F31B-4A51-906D-4BF8F717E4DD}.Debug|Any CPU.Build.0 = Debug|Any CPU
		{2796321A-F31B-4A51-906D-4BF8F717E4DD}.Release|Any CPU.ActiveCfg = Release|Any CPU
		{2796321A-F31B-4A51-906D-4BF8F717E4DD}.Release|Any CPU.Build.0 = Release|Any CPU
	EndGlobalSection
	GlobalSection(SolutionProperties) = preSolution
		HideSolutionNode = FALSE
	EndGlobalSection
EndGlobal
