
Microsoft Visual Studio Solution File, Format Version 11.00
# Visual Studio 2010
Project("{FAE04EC0-301F-11D3-BF4B-00C04F79EFBC}") = "LanExchange", "LanExchange\LanExchange.csproj", "{CC938630-E3FC-426E-A8A7-06EB22ABC703}"
EndProject
Project("{FAE04EC0-301F-11D3-BF4B-00C04F79EFBC}") = "LanExchange.SDK", "LanExchange.Sdk\LanExchange.SDK.csproj", "{4AE4E72C-5D7D-42A9-B7FB-577EEC0A149D}"
EndProject
Project("{FAE04EC0-301F-11D3-BF4B-00C04F79EFBC}") = "Plugin.Images", "Plugins\Plugin.Images\Plugin.Images.csproj", "{BF05AA16-2838-4510-98FD-CB568C07A365}"
EndProject
Project("{FAE04EC0-301F-11D3-BF4B-00C04F79EFBC}") = "Plugin.Users", "Plugins\Plugin.Users\Plugin.Users.csproj", "{064D3413-8F0B-4511-85F3-4919AC1D5A98}"
EndProject
Project("{FAE04EC0-301F-11D3-BF4B-00C04F79EFBC}") = "LanExchange.Tests", "LanExchange.Tests\LanExchange.Tests.csproj", "{21D3F599-1FA0-423A-8380-8B1041B353AC}"
EndProject
Project("{FAE04EC0-301F-11D3-BF4B-00C04F79EFBC}") = "Plugin.Users.Tests", "Plugins\Plugin.Users.Tests\Plugin.Users.Tests.csproj", "{FCB3D63D-543E-486A-81D6-2683E13A68BF}"
EndProject
Global
	GlobalSection(TestCaseManagementSettings) = postSolution
		CategoryFile = LanExchange2010.vsmdi
	EndGlobalSection
	GlobalSection(SolutionConfigurationPlatforms) = preSolution
		Debug|Any CPU = Debug|Any CPU
		Release|Any CPU = Release|Any CPU
	EndGlobalSection
	GlobalSection(ProjectConfigurationPlatforms) = postSolution
		{CC938630-E3FC-426E-A8A7-06EB22ABC703}.Debug|Any CPU.ActiveCfg = Debug|Any CPU
		{CC938630-E3FC-426E-A8A7-06EB22ABC703}.Debug|Any CPU.Build.0 = Debug|Any CPU
		{CC938630-E3FC-426E-A8A7-06EB22ABC703}.Release|Any CPU.ActiveCfg = Release|Any CPU
		{CC938630-E3FC-426E-A8A7-06EB22ABC703}.Release|Any CPU.Build.0 = Release|Any CPU
		{4AE4E72C-5D7D-42A9-B7FB-577EEC0A149D}.Debug|Any CPU.ActiveCfg = Debug|Any CPU
		{4AE4E72C-5D7D-42A9-B7FB-577EEC0A149D}.Debug|Any CPU.Build.0 = Debug|Any CPU
		{4AE4E72C-5D7D-42A9-B7FB-577EEC0A149D}.Release|Any CPU.ActiveCfg = Release|Any CPU
		{4AE4E72C-5D7D-42A9-B7FB-577EEC0A149D}.Release|Any CPU.Build.0 = Release|Any CPU
		{BF05AA16-2838-4510-98FD-CB568C07A365}.Debug|Any CPU.ActiveCfg = Debug|Any CPU
		{BF05AA16-2838-4510-98FD-CB568C07A365}.Debug|Any CPU.Build.0 = Debug|Any CPU
		{BF05AA16-2838-4510-98FD-CB568C07A365}.Release|Any CPU.ActiveCfg = Release|Any CPU
		{BF05AA16-2838-4510-98FD-CB568C07A365}.Release|Any CPU.Build.0 = Release|Any CPU
		{064D3413-8F0B-4511-85F3-4919AC1D5A98}.Debug|Any CPU.ActiveCfg = Debug|Any CPU
		{064D3413-8F0B-4511-85F3-4919AC1D5A98}.Debug|Any CPU.Build.0 = Debug|Any CPU
		{064D3413-8F0B-4511-85F3-4919AC1D5A98}.Release|Any CPU.ActiveCfg = Release|Any CPU
		{064D3413-8F0B-4511-85F3-4919AC1D5A98}.Release|Any CPU.Build.0 = Release|Any CPU
		{21D3F599-1FA0-423A-8380-8B1041B353AC}.Debug|Any CPU.ActiveCfg = Debug|Any CPU
		{21D3F599-1FA0-423A-8380-8B1041B353AC}.Debug|Any CPU.Build.0 = Debug|Any CPU
		{21D3F599-1FA0-423A-8380-8B1041B353AC}.Release|Any CPU.ActiveCfg = Release|Any CPU
		{21D3F599-1FA0-423A-8380-8B1041B353AC}.Release|Any CPU.Build.0 = Release|Any CPU
		{FCB3D63D-543E-486A-81D6-2683E13A68BF}.Debug|Any CPU.ActiveCfg = Debug|Any CPU
		{FCB3D63D-543E-486A-81D6-2683E13A68BF}.Debug|Any CPU.Build.0 = Debug|Any CPU
		{FCB3D63D-543E-486A-81D6-2683E13A68BF}.Release|Any CPU.ActiveCfg = Release|Any CPU
		{FCB3D63D-543E-486A-81D6-2683E13A68BF}.Release|Any CPU.Build.0 = Release|Any CPU
	EndGlobalSection
	GlobalSection(SolutionProperties) = preSolution
		HideSolutionNode = FALSE
	EndGlobalSection
EndGlobal
