
Microsoft Visual Studio Solution File, Format Version 10.00
# Visual C# Express 2008
Project("{FAE04EC0-301F-11D3-BF4B-00C04F79EFBC}") = "SkivSoft.LanExchange.SDK", "SkivSoft.LanExchange.SDK\SkivSoft.LanExchange.SDK.csproj", "{EE20A37F-AD31-42A9-8410-E45CCE737C2C}"
EndProject
Project("{FAE04EC0-301F-11D3-BF4B-00C04F79EFBC}") = "PluginLogger", "Plugins\1stLogger\PluginLogger.csproj", "{4599E4C6-B4AF-4BAE-BA93-2BDCF0742AB4}"
EndProject
Project("{FAE04EC0-301F-11D3-BF4B-00C04F79EFBC}") = "PluginAksuZF", "Plugins\AksuZF\PluginAksuZF.csproj", "{26E681B7-8AA4-4CF0-9670-A3795DD035D4}"
EndProject
Project("{FAE04EC0-301F-11D3-BF4B-00C04F79EFBC}") = "SkivSoft.LanExchange", "Skivsoft.LanExchange\SkivSoft.LanExchange.csproj", "{2796321A-F31B-4A51-906D-4BF8F717E4DD}"
EndProject
Global
	GlobalSection(SolutionConfigurationPlatforms) = preSolution
		Debug|Any CPU = Debug|Any CPU
		Release|Any CPU = Release|Any CPU
	EndGlobalSection
	GlobalSection(ProjectConfigurationPlatforms) = postSolution
		{EE20A37F-AD31-42A9-8410-E45CCE737C2C}.Debug|Any CPU.ActiveCfg = Debug|Any CPU
		{EE20A37F-AD31-42A9-8410-E45CCE737C2C}.Debug|Any CPU.Build.0 = Debug|Any CPU
		{EE20A37F-AD31-42A9-8410-E45CCE737C2C}.Release|Any CPU.ActiveCfg = Release|Any CPU
		{EE20A37F-AD31-42A9-8410-E45CCE737C2C}.Release|Any CPU.Build.0 = Release|Any CPU
		{4599E4C6-B4AF-4BAE-BA93-2BDCF0742AB4}.Debug|Any CPU.ActiveCfg = Debug|Any CPU
		{4599E4C6-B4AF-4BAE-BA93-2BDCF0742AB4}.Debug|Any CPU.Build.0 = Debug|Any CPU
		{4599E4C6-B4AF-4BAE-BA93-2BDCF0742AB4}.Release|Any CPU.ActiveCfg = Release|Any CPU
		{4599E4C6-B4AF-4BAE-BA93-2BDCF0742AB4}.Release|Any CPU.Build.0 = Release|Any CPU
		{26E681B7-8AA4-4CF0-9670-A3795DD035D4}.Debug|Any CPU.ActiveCfg = Debug|Any CPU
		{26E681B7-8AA4-4CF0-9670-A3795DD035D4}.Debug|Any CPU.Build.0 = Debug|Any CPU
		{26E681B7-8AA4-4CF0-9670-A3795DD035D4}.Release|Any CPU.ActiveCfg = Release|Any CPU
		{26E681B7-8AA4-4CF0-9670-A3795DD035D4}.Release|Any CPU.Build.0 = Release|Any CPU
		{2796321A-F31B-4A51-906D-4BF8F717E4DD}.Debug|Any CPU.ActiveCfg = Debug|Any CPU
		{2796321A-F31B-4A51-906D-4BF8F717E4DD}.Debug|Any CPU.Build.0 = Debug|Any CPU
		{2796321A-F31B-4A51-906D-4BF8F717E4DD}.Release|Any CPU.ActiveCfg = Release|Any CPU
		{2796321A-F31B-4A51-906D-4BF8F717E4DD}.Release|Any CPU.Build.0 = Release|Any CPU
	EndGlobalSection
	GlobalSection(SolutionProperties) = preSolution
		HideSolutionNode = FALSE
	EndGlobalSection
EndGlobal
