
Microsoft Visual Studio Solution File, Format Version 11.00
# Visual Studio 2010
Project("{FAE04EC0-301F-11D3-BF4B-00C04F79EFBC}") = "LanExchange.Plugin.Network", "Plugins\LanExchange.Plugin.Network\LanExchange.Plugin.Network.csproj", "{18971728-B208-45D9-B4BB-4BB6020963E7}"
EndProject
Project("{FAE04EC0-301F-11D3-BF4B-00C04F79EFBC}") = "LanExchange.SDK", "LanExchange.SDK\LanExchange.SDK.csproj", "{4AE4E72C-5D7D-42A9-B7FB-577EEC0A149D}"
EndProject
Project("{FAE04EC0-301F-11D3-BF4B-00C04F79EFBC}") = "LanExchange.Plugin.Users", "Plugins\LanExchange.Plugin.Users\LanExchange.Plugin.Users.csproj", "{064D3413-8F0B-4511-85F3-4919AC1D5A98}"
EndProject
Global
	GlobalSection(SolutionConfigurationPlatforms) = preSolution
		Debug|Any CPU = Debug|Any CPU
		Release|Any CPU = Release|Any CPU
	EndGlobalSection
	GlobalSection(ProjectConfigurationPlatforms) = postSolution
		{18971728-B208-45D9-B4BB-4BB6020963E7}.Debug|Any CPU.ActiveCfg = Debug|Any CPU
		{18971728-B208-45D9-B4BB-4BB6020963E7}.Debug|Any CPU.Build.0 = Debug|Any CPU
		{18971728-B208-45D9-B4BB-4BB6020963E7}.Release|Any CPU.ActiveCfg = Release|Any CPU
		{18971728-B208-45D9-B4BB-4BB6020963E7}.Release|Any CPU.Build.0 = Release|Any CPU
		{4AE4E72C-5D7D-42A9-B7FB-577EEC0A149D}.Debug|Any CPU.ActiveCfg = Debug|Any CPU
		{4AE4E72C-5D7D-42A9-B7FB-577EEC0A149D}.Debug|Any CPU.Build.0 = Debug|Any CPU
		{4AE4E72C-5D7D-42A9-B7FB-577EEC0A149D}.Release|Any CPU.ActiveCfg = Release|Any CPU
		{4AE4E72C-5D7D-42A9-B7FB-577EEC0A149D}.Release|Any CPU.Build.0 = Release|Any CPU
		{064D3413-8F0B-4511-85F3-4919AC1D5A98}.Debug|Any CPU.ActiveCfg = Debug|Any CPU
		{064D3413-8F0B-4511-85F3-4919AC1D5A98}.Debug|Any CPU.Build.0 = Debug|Any CPU
		{064D3413-8F0B-4511-85F3-4919AC1D5A98}.Release|Any CPU.ActiveCfg = Release|Any CPU
		{064D3413-8F0B-4511-85F3-4919AC1D5A98}.Release|Any CPU.Build.0 = Release|Any CPU
	EndGlobalSection
	GlobalSection(SolutionProperties) = preSolution
		HideSolutionNode = FALSE
	EndGlobalSection
	GlobalSection(NDepend) = preSolution
		Project = ""
	EndGlobalSection
EndGlobal
